// !$*UTF8*$!
{
	archiveVersion = 1;
	classes = {
	};
	objectVersion = 50;
	objects = {

/* Begin PBXBuildFile section */
		F943D00B2265A01500C5389C /* AppDelegate.swift in Sources */ = {isa = PBXBuildFile; fileRef = F943D00A2265A01500C5389C /* AppDelegate.swift */; };
		F943D00D2265A01500C5389C /* ProgressTrackerViewController.swift in Sources */ = {isa = PBXBuildFile; fileRef = F943D00C2265A01500C5389C /* ProgressTrackerViewController.swift */; };
		F943D0102265A01500C5389C /* LearningProgressTracker.xcdatamodeld in Sources */ = {isa = PBXBuildFile; fileRef = F943D00E2265A01500C5389C /* LearningProgressTracker.xcdatamodeld */; };
		F943D0122265A01700C5389C /* Assets.xcassets in Resources */ = {isa = PBXBuildFile; fileRef = F943D0112265A01700C5389C /* Assets.xcassets */; };
		F943D0152265A01700C5389C /* Main.storyboard in Resources */ = {isa = PBXBuildFile; fileRef = F943D0132265A01700C5389C /* Main.storyboard */; };
/* End PBXBuildFile section */

/* Begin PBXFileReference section */
		F943D0072265A01500C5389C /* LearningProgressTracker.app */ = {isa = PBXFileReference; explicitFileType = wrapper.application; includeInIndex = 0; path = LearningProgressTracker.app; sourceTree = BUILT_PRODUCTS_DIR; };
		F943D00A2265A01500C5389C /* AppDelegate.swift */ = {isa = PBXFileReference; lastKnownFileType = sourcecode.swift; path = AppDelegate.swift; sourceTree = "<group>"; };
		F943D00C2265A01500C5389C /* ProgressTrackerViewController.swift */ = {isa = PBXFileReference; lastKnownFileType = sourcecode.swift; path = ProgressTrackerViewController.swift; sourceTree = "<group>"; };
		F943D00F2265A01500C5389C /* LearningProgressTracker.xcdatamodel */ = {isa = PBXFileReference; lastKnownFileType = wrapper.xcdatamodel; path = LearningProgressTracker.xcdatamodel; sourceTree = "<group>"; };
		F943D0112265A01700C5389C /* Assets.xcassets */ = {isa = PBXFileReference; lastKnownFileType = folder.assetcatalog; path = Assets.xcassets; sourceTree = "<group>"; };
		F943D0142265A01700C5389C /* Base */ = {isa = PBXFileReference; lastKnownFileType = file.storyboard; name = Base; path = Base.lproj/Main.storyboard; sourceTree = "<group>"; };
		F943D0162265A01700C5389C /* Info.plist */ = {isa = PBXFileReference; lastKnownFileType = text.plist.xml; path = Info.plist; sourceTree = "<group>"; };
		F943D0172265A01700C5389C /* LearningProgressTracker.entitlements */ = {isa = PBXFileReference; lastKnownFileType = text.plist.entitlements; path = LearningProgressTracker.entitlements; sourceTree = "<group>"; };
/* End PBXFileReference section */

/* Begin PBXFrameworksBuildPhase section */
		F943D0042265A01500C5389C /* Frameworks */ = {
			isa = PBXFrameworksBuildPhase;
			buildActionMask = 2147483647;
			files = (
			);
			runOnlyForDeploymentPostprocessing = 0;
		};
/* End PBXFrameworksBuildPhase section */

/* Begin PBXGroup section */
		F943CFFE2265A01500C5389C = {
			isa = PBXGroup;
			children = (
				F943D0092265A01500C5389C /* LearningProgressTracker */,
				F943D0082265A01500C5389C /* Products */,
			);
			sourceTree = "<group>";
		};
		F943D0082265A01500C5389C /* Products */ = {
			isa = PBXGroup;
			children = (
				F943D0072265A01500C5389C /* LearningProgressTracker.app */,
			);
			name = Products;
			sourceTree = "<group>";
		};
		F943D0092265A01500C5389C /* LearningProgressTracker */ = {
			isa = PBXGroup;
			children = (
				F943D00A2265A01500C5389C /* AppDelegate.swift */,
				F943D00C2265A01500C5389C /* ProgressTrackerViewController.swift */,
				F943D0112265A01700C5389C /* Assets.xcassets */,
				F943D0132265A01700C5389C /* Main.storyboard */,
				F943D0162265A01700C5389C /* Info.plist */,
				F943D0172265A01700C5389C /* LearningProgressTracker.entitlements */,
				F943D00E2265A01500C5389C /* LearningProgressTracker.xcdatamodeld */,
			);
			path = LearningProgressTracker;
			sourceTree = "<group>";
		};
/* End PBXGroup section */

/* Begin PBXNativeTarget section */
		F943D0062265A01500C5389C /* LearningProgressTracker */ = {
			isa = PBXNativeTarget;
			buildConfigurationList = F943D01A2265A01700C5389C /* Build configuration list for PBXNativeTarget "LearningProgressTracker" */;
			buildPhases = (
				F943D0032265A01500C5389C /* Sources */,
				F943D0042265A01500C5389C /* Frameworks */,
				F943D0052265A01500C5389C /* Resources */,
			);
			buildRules = (
			);
			dependencies = (
			);
			name = LearningProgressTracker;
			productName = LearningProgressTracker;
			productReference = F943D0072265A01500C5389C /* LearningProgressTracker.app */;
			productType = "com.apple.product-type.application";
		};
/* End PBXNativeTarget section */

/* Begin PBXProject section */
		F943CFFF2265A01500C5389C /* Project object */ = {
			isa = PBXProject;
			attributes = {
				LastSwiftUpdateCheck = 1020;
				LastUpgradeCheck = 1020;
				ORGANIZATIONNAME = Lezardvaleth;
				TargetAttributes = {
					F943D0062265A01500C5389C = {
						CreatedOnToolsVersion = 10.2;
					};
				};
			};
			buildConfigurationList = F943D0022265A01500C5389C /* Build configuration list for PBXProject "LearningProgressTracker" */;
			compatibilityVersion = "Xcode 9.3";
			developmentRegion = en;
			hasScannedForEncodings = 0;
			knownRegions = (
				en,
				Base,
			);
			mainGroup = F943CFFE2265A01500C5389C;
			productRefGroup = F943D0082265A01500C5389C /* Products */;
			projectDirPath = "";
			projectRoot = "";
			targets = (
				F943D0062265A01500C5389C /* LearningProgressTracker */,
			);
		};
/* End PBXProject section */

/* Begin PBXResourcesBuildPhase section */
		F943D0052265A01500C5389C /* Resources */ = {
			isa = PBXResourcesBuildPhase;
			buildActionMask = 2147483647;
			files = (
				F943D0122265A01700C5389C /* Assets.xcassets in Resources */,
				F943D0152265A01700C5389C /* Main.storyboard in Resources */,
			);
			runOnlyForDeploymentPostprocessing = 0;
		};
/* End PBXResourcesBuildPhase section */

/* Begin PBXSourcesBuildPhase section */
		F943D0032265A01500C5389C /* Sources */ = {
			isa = PBXSourcesBuildPhase;
			buildActionMask = 2147483647;
			files = (
				F943D00D2265A01500C5389C /* ProgressTrackerViewController.swift in Sources */,
				F943D00B2265A01500C5389C /* AppDelegate.swift in Sources */,
				F943D0102265A01500C5389C /* LearningProgressTracker.xcdatamodeld in Sources */,
			);
			runOnlyForDeploymentPostprocessing = 0;
		};
/* End PBXSourcesBuildPhase section */

/* Begin PBXVariantGroup section */
		F943D0132265A01700C5389C /* Main.storyboard */ = {
			isa = PBXVariantGroup;
			children = (
				F943D0142265A01700C5389C /* Base */,
			);
			name = Main.storyboard;
			sourceTree = "<group>";
		};
/* End PBXVariantGroup section */

/* Begin XCBuildConfiguration section */
		F943D0182265A01700C5389C /* Debug */ = {
			isa = XCBuildConfiguration;
			buildSettings = {
				ALWAYS_SEARCH_USER_PATHS = NO;
				CLANG_ANALYZER_NONNULL = YES;
				CLANG_ANALYZER_NUMBER_OBJECT_CONVERSION = YES_AGGRESSIVE;
				CLANG_CXX_LANGUAGE_STANDARD = "gnu++14";
				CLANG_CXX_LIBRARY = "libc++";
				CLANG_ENABLE_MODULES = YES;
				CLANG_ENABLE_OBJC_ARC = YES;
				CLANG_ENABLE_OBJC_WEAK = YES;
				CLANG_WARN_BLOCK_CAPTURE_AUTORELEASING = YES;
				CLANG_WARN_BOOL_CONVERSION = YES;
				CLANG_WARN_COMMA = YES;
				CLANG_WARN_CONSTANT_CONVERSION = YES;
				CLANG_WARN_DEPRECATED_OBJC_IMPLEMENTATIONS = YES;
				CLANG_WARN_DIRECT_OBJC_ISA_USAGE = YES_ERROR;
				CLANG_WARN_DOCUMENTATION_COMMENTS = YES;
				CLANG_WARN_EMPTY_BODY = YES;
				CLANG_WARN_ENUM_CONVERSION = YES;
				CLANG_WARN_INFINITE_RECURSION = YES;
				CLANG_WARN_INT_CONVERSION = YES;
				CLANG_WARN_NON_LITERAL_NULL_CONVERSION = YES;
				CLANG_WARN_OBJC_IMPLICIT_RETAIN_SELF = YES;
				CLANG_WARN_OBJC_LITERAL_CONVERSION = YES;
				CLANG_WARN_OBJC_ROOT_CLASS = YES_ERROR;
				CLANG_WARN_RANGE_LOOP_ANALYSIS = YES;
				CLANG_WARN_STRICT_PROTOTYPES = YES;
				CLANG_WARN_SUSPICIOUS_MOVE = YES;
				CLANG_WARN_UNGUARDED_AVAILABILITY = YES_AGGRESSIVE;
				CLANG_WARN_UNREACHABLE_CODE = YES;
				CLANG_WARN__DUPLICATE_METHOD_MATCH = YES;
				CODE_SIGN_IDENTITY = "Mac Developer";
				COPY_PHASE_STRIP = NO;
				DEBUG_INFORMATION_FORMAT = dwarf;
				ENABLE_STRICT_OBJC_MSGSEND = YES;
				ENABLE_TESTABILITY = YES;
				GCC_C_LANGUAGE_STANDARD = gnu11;
				GCC_DYNAMIC_NO_PIC = NO;
				GCC_NO_COMMON_BLOCKS = YES;
				GCC_OPTIMIZATION_LEVEL = 0;
				GCC_PREPROCESSOR_DEFINITIONS = (
					"DEBUG=1",
					"$(inherited)",
				);
				GCC_WARN_64_TO_32_BIT_CONVERSION = YES;
				GCC_WARN_ABOUT_RETURN_TYPE = YES_ERROR;
				GCC_WARN_UNDECLARED_SELECTOR = YES;
				GCC_WARN_UNINITIALIZED_AUTOS = YES_AGGRESSIVE;
				GCC_WARN_UNUSED_FUNCTION = YES;
				GCC_WARN_UNUSED_VARIABLE = YES;
				MACOSX_DEPLOYMENT_TARGET = 10.14;
				MTL_ENABLE_DEBUG_INFO = INCLUDE_SOURCE;
				MTL_FAST_MATH = YES;
				ONLY_ACTIVE_ARCH = YES;
				SDKROOT = macosx;
				SWIFT_ACTIVE_COMPILATION_CONDITIONS = DEBUG;
				SWIFT_OPTIMIZATION_LEVEL = "-Onone";
			};
			name = Debug;
		};
		F943D0192265A01700C5389C /* Release */ = {
			isa = XCBuildConfiguration;
			buildSettings = {
				ALWAYS_SEARCH_USER_PATHS = NO;
				CLANG_ANALYZER_NONNULL = YES;
				CLANG_ANALYZER_NUMBER_OBJECT_CONVERSION = YES_AGGRESSIVE;
				CLANG_CXX_LANGUAGE_STANDARD = "gnu++14";
				CLANG_CXX_LIBRARY = "libc++";
				CLANG_ENABLE_MODULES = YES;
				CLANG_ENABLE_OBJC_ARC = YES;
				CLANG_ENABLE_OBJC_WEAK = YES;
				CLANG_WARN_BLOCK_CAPTURE_AUTORELEASING = YES;
				CLANG_WARN_BOOL_CONVERSION = YES;
				CLANG_WARN_COMMA = YES;
				CLANG_WARN_CONSTANT_CONVERSION = YES;
				CLANG_WARN_DEPRECATED_OBJC_IMPLEMENTATIONS = YES;
				CLANG_WARN_DIRECT_OBJC_ISA_USAGE = YES_ERROR;
				CLANG_WARN_DOCUMENTATION_COMMENTS = YES;
				CLANG_WARN_EMPTY_BODY = YES;
				CLANG_WARN_ENUM_CONVERSION = YES;
				CLANG_WARN_INFINITE_RECURSION = YES;
				CLANG_WARN_INT_CONVERSION = YES;
				CLANG_WARN_NON_LITERAL_NULL_CONVERSION = YES;
				CLANG_WARN_OBJC_IMPLICIT_RETAIN_SELF = YES;
				CLANG_WARN_OBJC_LITERAL_CONVERSION = YES;
				CLANG_WARN_OBJC_ROOT_CLASS = YES_ERROR;
				CLANG_WARN_RANGE_LOOP_ANALYSIS = YES;
				CLANG_WARN_STRICT_PROTOTYPES = YES;
				CLANG_WARN_SUSPICIOUS_MOVE = YES;
				CLANG_WARN_UNGUARDED_AVAILABILITY = YES_AGGRESSIVE;
				CLANG_WARN_UNREACHABLE_CODE = YES;
				CLANG_WARN__DUPLICATE_METHOD_MATCH = YES;
				CODE_SIGN_IDENTITY = "Mac Developer";
				COPY_PHASE_STRIP = NO;
				DEBUG_INFORMATION_FORMAT = "dwarf-with-dsym";
				ENABLE_NS_ASSERTIONS = NO;
				ENABLE_STRICT_OBJC_MSGSEND = YES;
				GCC_C_LANGUAGE_STANDARD = gnu11;
				GCC_NO_COMMON_BLOCKS = YES;
				GCC_WARN_64_TO_32_BIT_CONVERSION = YES;
				GCC_WARN_ABOUT_RETURN_TYPE = YES_ERROR;
				GCC_WARN_UNDECLARED_SELECTOR = YES;
				GCC_WARN_UNINITIALIZED_AUTOS = YES_AGGRESSIVE;
				GCC_WARN_UNUSED_FUNCTION = YES;
				GCC_WARN_UNUSED_VARIABLE = YES;
				MACOSX_DEPLOYMENT_TARGET = 10.14;
				MTL_ENABLE_DEBUG_INFO = NO;
				MTL_FAST_MATH = YES;
				SDKROOT = macosx;
				SWIFT_COMPILATION_MODE = wholemodule;
				SWIFT_OPTIMIZATION_LEVEL = "-O";
			};
			name = Release;
		};
		F943D01B2265A01700C5389C /* Debug */ = {
			isa = XCBuildConfiguration;
			buildSettings = {
				ASSETCATALOG_COMPILER_APPICON_NAME = AppIcon;
				CODE_SIGN_ENTITLEMENTS = LearningProgressTracker/LearningProgressTracker.entitlements;
				CODE_SIGN_STYLE = Automatic;
				COMBINE_HIDPI_IMAGES = YES;
				DEVELOPMENT_TEAM = AV64Q6NXM9;
				INFOPLIST_FILE = LearningProgressTracker/Info.plist;
				LD_RUNPATH_SEARCH_PATHS = (
					"$(inherited)",
					"@executable_path/../Frameworks",
				);
				PRODUCT_BUNDLE_IDENTIFIER = Lezardvaleth.LearningProgressTracker;
				PRODUCT_NAME = "$(TARGET_NAME)";
				SWIFT_VERSION = 5.0;
			};
			name = Debug;
		};
		F943D01C2265A01700C5389C /* Release */ = {
			isa = XCBuildConfiguration;
			buildSettings = {
				ASSETCATALOG_COMPILER_APPICON_NAME = AppIcon;
				CODE_SIGN_ENTITLEMENTS = LearningProgressTracker/LearningProgressTracker.entitlements;
				CODE_SIGN_STYLE = Automatic;
				COMBINE_HIDPI_IMAGES = YES;
				DEVELOPMENT_TEAM = AV64Q6NXM9;
				INFOPLIST_FILE = LearningProgressTracker/Info.plist;
				LD_RUNPATH_SEARCH_PATHS = (
					"$(inherited)",
					"@executable_path/../Frameworks",
				);
				PRODUCT_BUNDLE_IDENTIFIER = Lezardvaleth.LearningProgressTracker;
				PRODUCT_NAME = "$(TARGET_NAME)";
				SWIFT_VERSION = 5.0;
			};
			name = Release;
		};
/* End XCBuildConfiguration section */

/* Begin XCConfigurationList section */
		F943D0022265A01500C5389C /* Build configuration list for PBXProject "LearningProgressTracker" */ = {
			isa = XCConfigurationList;
			buildConfigurations = (
				F943D0182265A01700C5389C /* Debug */,
				F943D0192265A01700C5389C /* Release */,
			);
			defaultConfigurationIsVisible = 0;
			defaultConfigurationName = Release;
		};
		F943D01A2265A01700C5389C /* Build configuration list for PBXNativeTarget "LearningProgressTracker" */ = {
			isa = XCConfigurationList;
			buildConfigurations = (
				F943D01B2265A01700C5389C /* Debug */,
				F943D01C2265A01700C5389C /* Release */,
			);
			defaultConfigurationIsVisible = 0;
			defaultConfigurationName = Release;
		};
/* End XCConfigurationList section */

/* Begin XCVersionGroup section */
		F943D00E2265A01500C5389C /* LearningProgressTracker.xcdatamodeld */ = {
			isa = XCVersionGroup;
			children = (
				F943D00F2265A01500C5389C /* LearningProgressTracker.xcdatamodel */,
			);
			currentVersion = F943D00F2265A01500C5389C /* LearningProgressTracker.xcdatamodel */;
			path = LearningProgressTracker.xcdatamodeld;
			sourceTree = "<group>";
			versionGroupType = wrapper.xcdatamodel;
		};
/* End XCVersionGroup section */
	};
	rootObject = F943CFFF2265A01500C5389C /* Project object */;
}
